
Microsoft Visual Studio Solution File, Format Version 12.00
# Visual Studio Version 16
VisualStudioVersion = 16.0.30114.105
MinimumVisualStudioVersion = 10.0.40219.1
Project("{2150E333-8FDC-42A3-9474-1A3956D46DE8}") = "FrontEnd", "FrontEnd", "{4B1BAE03-BE33-4802-B588-7F416DD9A5F3}"
EndProject
Project("{FAE04EC0-301F-11D3-BF4B-00C04F79EFBC}") = "Mango.Web", "FrontEnd\Mango.Web\Mango.Web.csproj", "{F92A20EC-364E-4F8D-A1D1-A3A1BB792EB6}"
EndProject
Project("{2150E333-8FDC-42A3-9474-1A3956D46DE8}") = "Gateway", "Gateway", "{0A821CB0-D67F-4EAD-95E0-AA2A73A20C52}"
EndProject
Project("{FAE04EC0-301F-11D3-BF4B-00C04F79EFBC}") = "Mango.GatewaySolution", "Gateway\Mango.GatewaySolution\Mango.GatewaySolution.csproj", "{3EDA0916-A4A4-4137-921A-2789C2CD97DB}"
EndProject
Project("{2150E333-8FDC-42A3-9474-1A3956D46DE8}") = "Integration", "Integration", "{44058079-61E6-4508-942B-51D82230A27C}"
EndProject
Project("{FAE04EC0-301F-11D3-BF4B-00C04F79EFBC}") = "Mango.MessageBus", "Integration\Mango.MessageBus\Mango.MessageBus.csproj", "{F044628A-F1AD-4713-8BB2-AAB85B885ABE}"
EndProject
Project("{2150E333-8FDC-42A3-9474-1A3956D46DE8}") = "Payments", "Payments", "{BF5FEC23-99A9-44CF-8EEB-2C159B468034}"
EndProject
Project("{FAE04EC0-301F-11D3-BF4B-00C04F79EFBC}") = "PaymentProcessor", "Payments\PaymentProcessor\PaymentProcessor.csproj", "{E3F094C8-BD62-4966-99C6-48BD78D71956}"
EndProject
Project("{2150E333-8FDC-42A3-9474-1A3956D46DE8}") = "Services", "Services", "{AA471B2A-E238-4C7B-B1FF-34FBCB41801A}"
EndProject
Project("{FAE04EC0-301F-11D3-BF4B-00C04F79EFBC}") = "Mango.Services.Email", "Services\Mango.Services.Email\Mango.Services.Email.csproj", "{0CCBE288-D3F1-484E-98C5-8CC0CA6220E9}"
EndProject
Project("{FAE04EC0-301F-11D3-BF4B-00C04F79EFBC}") = "Mango.Services.CouponAPI", "Services\Mango.Services.CouponAPI\Mango.Services.CouponAPI.csproj", "{B582AF6D-37C4-4ADB-B57E-7173513CA938}"
EndProject
Project("{FAE04EC0-301F-11D3-BF4B-00C04F79EFBC}") = "Mango.Services.OrderAPI", "Services\Mango.Services.OrderAPI\Mango.Services.OrderAPI.csproj", "{AFCC27F1-68C7-424E-9833-B5C2F4A75A4A}"
EndProject
Project("{FAE04EC0-301F-11D3-BF4B-00C04F79EFBC}") = "Mango.Services.Identity", "Services\Mango.Services.Identity\Mango.Services.Identity.csproj", "{1426129D-13B0-4F1B-B99C-6925F1647966}"
EndProject
Project("{FAE04EC0-301F-11D3-BF4B-00C04F79EFBC}") = "Mango.Services.PaymentAPI", "Services\Mango.Services.PaymentAPI\Mango.Services.PaymentAPI.csproj", "{1AF13A67-701C-438D-823F-9CD234EBA7C4}"
EndProject
Project("{FAE04EC0-301F-11D3-BF4B-00C04F79EFBC}") = "Mango.Services.ProductAPI", "Services\Mango.Services.ProductAPI\Mango.Services.ProductAPI.csproj", "{B31306FE-3DE1-4218-9986-13E00BA6DA5A}"
EndProject
Project("{FAE04EC0-301F-11D3-BF4B-00C04F79EFBC}") = "Mango.Services.ShoppingCartAPI", "Services\Mango.Services.ShoppingCartAPI\Mango.Services.ShoppingCartAPI.csproj", "{BA0DAD27-2FD9-43B1-A9A4-83BE5CF87BB9}"
EndProject
Global
	GlobalSection(SolutionConfigurationPlatforms) = preSolution
		Debug|Any CPU = Debug|Any CPU
		Debug|x64 = Debug|x64
		Debug|x86 = Debug|x86
		Release|Any CPU = Release|Any CPU
		Release|x64 = Release|x64
		Release|x86 = Release|x86
	EndGlobalSection
	GlobalSection(SolutionProperties) = preSolution
		HideSolutionNode = FALSE
	EndGlobalSection
	GlobalSection(ProjectConfigurationPlatforms) = postSolution
		{F92A20EC-364E-4F8D-A1D1-A3A1BB792EB6}.Debug|Any CPU.ActiveCfg = Debug|Any CPU
		{F92A20EC-364E-4F8D-A1D1-A3A1BB792EB6}.Debug|Any CPU.Build.0 = Debug|Any CPU
		{F92A20EC-364E-4F8D-A1D1-A3A1BB792EB6}.Debug|x64.ActiveCfg = Debug|Any CPU
		{F92A20EC-364E-4F8D-A1D1-A3A1BB792EB6}.Debug|x64.Build.0 = Debug|Any CPU
		{F92A20EC-364E-4F8D-A1D1-A3A1BB792EB6}.Debug|x86.ActiveCfg = Debug|Any CPU
		{F92A20EC-364E-4F8D-A1D1-A3A1BB792EB6}.Debug|x86.Build.0 = Debug|Any CPU
		{F92A20EC-364E-4F8D-A1D1-A3A1BB792EB6}.Release|Any CPU.ActiveCfg = Release|Any CPU
		{F92A20EC-364E-4F8D-A1D1-A3A1BB792EB6}.Release|Any CPU.Build.0 = Release|Any CPU
		{F92A20EC-364E-4F8D-A1D1-A3A1BB792EB6}.Release|x64.ActiveCfg = Release|Any CPU
		{F92A20EC-364E-4F8D-A1D1-A3A1BB792EB6}.Release|x64.Build.0 = Release|Any CPU
		{F92A20EC-364E-4F8D-A1D1-A3A1BB792EB6}.Release|x86.ActiveCfg = Release|Any CPU
		{F92A20EC-364E-4F8D-A1D1-A3A1BB792EB6}.Release|x86.Build.0 = Release|Any CPU
		{3EDA0916-A4A4-4137-921A-2789C2CD97DB}.Debug|Any CPU.ActiveCfg = Debug|Any CPU
		{3EDA0916-A4A4-4137-921A-2789C2CD97DB}.Debug|Any CPU.Build.0 = Debug|Any CPU
		{3EDA0916-A4A4-4137-921A-2789C2CD97DB}.Debug|x64.ActiveCfg = Debug|Any CPU
		{3EDA0916-A4A4-4137-921A-2789C2CD97DB}.Debug|x64.Build.0 = Debug|Any CPU
		{3EDA0916-A4A4-4137-921A-2789C2CD97DB}.Debug|x86.ActiveCfg = Debug|Any CPU
		{3EDA0916-A4A4-4137-921A-2789C2CD97DB}.Debug|x86.Build.0 = Debug|Any CPU
		{3EDA0916-A4A4-4137-921A-2789C2CD97DB}.Release|Any CPU.ActiveCfg = Release|Any CPU
		{3EDA0916-A4A4-4137-921A-2789C2CD97DB}.Release|Any CPU.Build.0 = Release|Any CPU
		{3EDA0916-A4A4-4137-921A-2789C2CD97DB}.Release|x64.ActiveCfg = Release|Any CPU
		{3EDA0916-A4A4-4137-921A-2789C2CD97DB}.Release|x64.Build.0 = Release|Any CPU
		{3EDA0916-A4A4-4137-921A-2789C2CD97DB}.Release|x86.ActiveCfg = Release|Any CPU
		{3EDA0916-A4A4-4137-921A-2789C2CD97DB}.Release|x86.Build.0 = Release|Any CPU
		{F044628A-F1AD-4713-8BB2-AAB85B885ABE}.Debug|Any CPU.ActiveCfg = Debug|Any CPU
		{F044628A-F1AD-4713-8BB2-AAB85B885ABE}.Debug|Any CPU.Build.0 = Debug|Any CPU
		{F044628A-F1AD-4713-8BB2-AAB85B885ABE}.Debug|x64.ActiveCfg = Debug|Any CPU
		{F044628A-F1AD-4713-8BB2-AAB85B885ABE}.Debug|x64.Build.0 = Debug|Any CPU
		{F044628A-F1AD-4713-8BB2-AAB85B885ABE}.Debug|x86.ActiveCfg = Debug|Any CPU
		{F044628A-F1AD-4713-8BB2-AAB85B885ABE}.Debug|x86.Build.0 = Debug|Any CPU
		{F044628A-F1AD-4713-8BB2-AAB85B885ABE}.Release|Any CPU.ActiveCfg = Release|Any CPU
		{F044628A-F1AD-4713-8BB2-AAB85B885ABE}.Release|Any CPU.Build.0 = Release|Any CPU
		{F044628A-F1AD-4713-8BB2-AAB85B885ABE}.Release|x64.ActiveCfg = Release|Any CPU
		{F044628A-F1AD-4713-8BB2-AAB85B885ABE}.Release|x64.Build.0 = Release|Any CPU
		{F044628A-F1AD-4713-8BB2-AAB85B885ABE}.Release|x86.ActiveCfg = Release|Any CPU
		{F044628A-F1AD-4713-8BB2-AAB85B885ABE}.Release|x86.Build.0 = Release|Any CPU
		{E3F094C8-BD62-4966-99C6-48BD78D71956}.Debug|Any CPU.ActiveCfg = Debug|Any CPU
		{E3F094C8-BD62-4966-99C6-48BD78D71956}.Debug|Any CPU.Build.0 = Debug|Any CPU
		{E3F094C8-BD62-4966-99C6-48BD78D71956}.Debug|x64.ActiveCfg = Debug|Any CPU
		{E3F094C8-BD62-4966-99C6-48BD78D71956}.Debug|x64.Build.0 = Debug|Any CPU
		{E3F094C8-BD62-4966-99C6-48BD78D71956}.Debug|x86.ActiveCfg = Debug|Any CPU
		{E3F094C8-BD62-4966-99C6-48BD78D71956}.Debug|x86.Build.0 = Debug|Any CPU
		{E3F094C8-BD62-4966-99C6-48BD78D71956}.Release|Any CPU.ActiveCfg = Release|Any CPU
		{E3F094C8-BD62-4966-99C6-48BD78D71956}.Release|Any CPU.Build.0 = Release|Any CPU
		{E3F094C8-BD62-4966-99C6-48BD78D71956}.Release|x64.ActiveCfg = Release|Any CPU
		{E3F094C8-BD62-4966-99C6-48BD78D71956}.Release|x64.Build.0 = Release|Any CPU
		{E3F094C8-BD62-4966-99C6-48BD78D71956}.Release|x86.ActiveCfg = Release|Any CPU
		{E3F094C8-BD62-4966-99C6-48BD78D71956}.Release|x86.Build.0 = Release|Any CPU
		{0CCBE288-D3F1-484E-98C5-8CC0CA6220E9}.Debug|Any CPU.ActiveCfg = Debug|Any CPU
		{0CCBE288-D3F1-484E-98C5-8CC0CA6220E9}.Debug|Any CPU.Build.0 = Debug|Any CPU
		{0CCBE288-D3F1-484E-98C5-8CC0CA6220E9}.Debug|x64.ActiveCfg = Debug|Any CPU
		{0CCBE288-D3F1-484E-98C5-8CC0CA6220E9}.Debug|x64.Build.0 = Debug|Any CPU
		{0CCBE288-D3F1-484E-98C5-8CC0CA6220E9}.Debug|x86.ActiveCfg = Debug|Any CPU
		{0CCBE288-D3F1-484E-98C5-8CC0CA6220E9}.Debug|x86.Build.0 = Debug|Any CPU
		{0CCBE288-D3F1-484E-98C5-8CC0CA6220E9}.Release|Any CPU.ActiveCfg = Release|Any CPU
		{0CCBE288-D3F1-484E-98C5-8CC0CA6220E9}.Release|Any CPU.Build.0 = Release|Any CPU
		{0CCBE288-D3F1-484E-98C5-8CC0CA6220E9}.Release|x64.ActiveCfg = Release|Any CPU
		{0CCBE288-D3F1-484E-98C5-8CC0CA6220E9}.Release|x64.Build.0 = Release|Any CPU
		{0CCBE288-D3F1-484E-98C5-8CC0CA6220E9}.Release|x86.ActiveCfg = Release|Any CPU
		{0CCBE288-D3F1-484E-98C5-8CC0CA6220E9}.Release|x86.Build.0 = Release|Any CPU
		{B582AF6D-37C4-4ADB-B57E-7173513CA938}.Debug|Any CPU.ActiveCfg = Debug|Any CPU
		{B582AF6D-37C4-4ADB-B57E-7173513CA938}.Debug|Any CPU.Build.0 = Debug|Any CPU
		{B582AF6D-37C4-4ADB-B57E-7173513CA938}.Debug|x64.ActiveCfg = Debug|Any CPU
		{B582AF6D-37C4-4ADB-B57E-7173513CA938}.Debug|x64.Build.0 = Debug|Any CPU
		{B582AF6D-37C4-4ADB-B57E-7173513CA938}.Debug|x86.ActiveCfg = Debug|Any CPU
		{B582AF6D-37C4-4ADB-B57E-7173513CA938}.Debug|x86.Build.0 = Debug|Any CPU
		{B582AF6D-37C4-4ADB-B57E-7173513CA938}.Release|Any CPU.ActiveCfg = Release|Any CPU
		{B582AF6D-37C4-4ADB-B57E-7173513CA938}.Release|Any CPU.Build.0 = Release|Any CPU
		{B582AF6D-37C4-4ADB-B57E-7173513CA938}.Release|x64.ActiveCfg = Release|Any CPU
		{B582AF6D-37C4-4ADB-B57E-7173513CA938}.Release|x64.Build.0 = Release|Any CPU
		{B582AF6D-37C4-4ADB-B57E-7173513CA938}.Release|x86.ActiveCfg = Release|Any CPU
		{B582AF6D-37C4-4ADB-B57E-7173513CA938}.Release|x86.Build.0 = Release|Any CPU
		{AFCC27F1-68C7-424E-9833-B5C2F4A75A4A}.Debug|Any CPU.ActiveCfg = Debug|Any CPU
		{AFCC27F1-68C7-424E-9833-B5C2F4A75A4A}.Debug|Any CPU.Build.0 = Debug|Any CPU
		{AFCC27F1-68C7-424E-9833-B5C2F4A75A4A}.Debug|x64.ActiveCfg = Debug|Any CPU
		{AFCC27F1-68C7-424E-9833-B5C2F4A75A4A}.Debug|x64.Build.0 = Debug|Any CPU
		{AFCC27F1-68C7-424E-9833-B5C2F4A75A4A}.Debug|x86.ActiveCfg = Debug|Any CPU
		{AFCC27F1-68C7-424E-9833-B5C2F4A75A4A}.Debug|x86.Build.0 = Debug|Any CPU
		{AFCC27F1-68C7-424E-9833-B5C2F4A75A4A}.Release|Any CPU.ActiveCfg = Release|Any CPU
		{AFCC27F1-68C7-424E-9833-B5C2F4A75A4A}.Release|Any CPU.Build.0 = Release|Any CPU
		{AFCC27F1-68C7-424E-9833-B5C2F4A75A4A}.Release|x64.ActiveCfg = Release|Any CPU
		{AFCC27F1-68C7-424E-9833-B5C2F4A75A4A}.Release|x64.Build.0 = Release|Any CPU
		{AFCC27F1-68C7-424E-9833-B5C2F4A75A4A}.Release|x86.ActiveCfg = Release|Any CPU
		{AFCC27F1-68C7-424E-9833-B5C2F4A75A4A}.Release|x86.Build.0 = Release|Any CPU
		{1426129D-13B0-4F1B-B99C-6925F1647966}.Debug|Any CPU.ActiveCfg = Debug|Any CPU
		{1426129D-13B0-4F1B-B99C-6925F1647966}.Debug|Any CPU.Build.0 = Debug|Any CPU
		{1426129D-13B0-4F1B-B99C-6925F1647966}.Debug|x64.ActiveCfg = Debug|Any CPU
		{1426129D-13B0-4F1B-B99C-6925F1647966}.Debug|x64.Build.0 = Debug|Any CPU
		{1426129D-13B0-4F1B-B99C-6925F1647966}.Debug|x86.ActiveCfg = Debug|Any CPU
		{1426129D-13B0-4F1B-B99C-6925F1647966}.Debug|x86.Build.0 = Debug|Any CPU
		{1426129D-13B0-4F1B-B99C-6925F1647966}.Release|Any CPU.ActiveCfg = Release|Any CPU
		{1426129D-13B0-4F1B-B99C-6925F1647966}.Release|Any CPU.Build.0 = Release|Any CPU
		{1426129D-13B0-4F1B-B99C-6925F1647966}.Release|x64.ActiveCfg = Release|Any CPU
		{1426129D-13B0-4F1B-B99C-6925F1647966}.Release|x64.Build.0 = Release|Any CPU
		{1426129D-13B0-4F1B-B99C-6925F1647966}.Release|x86.ActiveCfg = Release|Any CPU
		{1426129D-13B0-4F1B-B99C-6925F1647966}.Release|x86.Build.0 = Release|Any CPU
		{1AF13A67-701C-438D-823F-9CD234EBA7C4}.Debug|Any CPU.ActiveCfg = Debug|Any CPU
		{1AF13A67-701C-438D-823F-9CD234EBA7C4}.Debug|Any CPU.Build.0 = Debug|Any CPU
		{1AF13A67-701C-438D-823F-9CD234EBA7C4}.Debug|x64.ActiveCfg = Debug|Any CPU
		{1AF13A67-701C-438D-823F-9CD234EBA7C4}.Debug|x64.Build.0 = Debug|Any CPU
		{1AF13A67-701C-438D-823F-9CD234EBA7C4}.Debug|x86.ActiveCfg = Debug|Any CPU
		{1AF13A67-701C-438D-823F-9CD234EBA7C4}.Debug|x86.Build.0 = Debug|Any CPU
		{1AF13A67-701C-438D-823F-9CD234EBA7C4}.Release|Any CPU.ActiveCfg = Release|Any CPU
		{1AF13A67-701C-438D-823F-9CD234EBA7C4}.Release|Any CPU.Build.0 = Release|Any CPU
		{1AF13A67-701C-438D-823F-9CD234EBA7C4}.Release|x64.ActiveCfg = Release|Any CPU
		{1AF13A67-701C-438D-823F-9CD234EBA7C4}.Release|x64.Build.0 = Release|Any CPU
		{1AF13A67-701C-438D-823F-9CD234EBA7C4}.Release|x86.ActiveCfg = Release|Any CPU
		{1AF13A67-701C-438D-823F-9CD234EBA7C4}.Release|x86.Build.0 = Release|Any CPU
		{B31306FE-3DE1-4218-9986-13E00BA6DA5A}.Debug|Any CPU.ActiveCfg = Debug|Any CPU
		{B31306FE-3DE1-4218-9986-13E00BA6DA5A}.Debug|Any CPU.Build.0 = Debug|Any CPU
		{B31306FE-3DE1-4218-9986-13E00BA6DA5A}.Debug|x64.ActiveCfg = Debug|Any CPU
		{B31306FE-3DE1-4218-9986-13E00BA6DA5A}.Debug|x64.Build.0 = Debug|Any CPU
		{B31306FE-3DE1-4218-9986-13E00BA6DA5A}.Debug|x86.ActiveCfg = Debug|Any CPU
		{B31306FE-3DE1-4218-9986-13E00BA6DA5A}.Debug|x86.Build.0 = Debug|Any CPU
		{B31306FE-3DE1-4218-9986-13E00BA6DA5A}.Release|Any CPU.ActiveCfg = Release|Any CPU
		{B31306FE-3DE1-4218-9986-13E00BA6DA5A}.Release|Any CPU.Build.0 = Release|Any CPU
		{B31306FE-3DE1-4218-9986-13E00BA6DA5A}.Release|x64.ActiveCfg = Release|Any CPU
		{B31306FE-3DE1-4218-9986-13E00BA6DA5A}.Release|x64.Build.0 = Release|Any CPU
		{B31306FE-3DE1-4218-9986-13E00BA6DA5A}.Release|x86.ActiveCfg = Release|Any CPU
		{B31306FE-3DE1-4218-9986-13E00BA6DA5A}.Release|x86.Build.0 = Release|Any CPU
		{BA0DAD27-2FD9-43B1-A9A4-83BE5CF87BB9}.Debug|Any CPU.ActiveCfg = Debug|Any CPU
		{BA0DAD27-2FD9-43B1-A9A4-83BE5CF87BB9}.Debug|Any CPU.Build.0 = Debug|Any CPU
		{BA0DAD27-2FD9-43B1-A9A4-83BE5CF87BB9}.Debug|x64.ActiveCfg = Debug|Any CPU
		{BA0DAD27-2FD9-43B1-A9A4-83BE5CF87BB9}.Debug|x64.Build.0 = Debug|Any CPU
		{BA0DAD27-2FD9-43B1-A9A4-83BE5CF87BB9}.Debug|x86.ActiveCfg = Debug|Any CPU
		{BA0DAD27-2FD9-43B1-A9A4-83BE5CF87BB9}.Debug|x86.Build.0 = Debug|Any CPU
		{BA0DAD27-2FD9-43B1-A9A4-83BE5CF87BB9}.Release|Any CPU.ActiveCfg = Release|Any CPU
		{BA0DAD27-2FD9-43B1-A9A4-83BE5CF87BB9}.Release|Any CPU.Build.0 = Release|Any CPU
		{BA0DAD27-2FD9-43B1-A9A4-83BE5CF87BB9}.Release|x64.ActiveCfg = Release|Any CPU
		{BA0DAD27-2FD9-43B1-A9A4-83BE5CF87BB9}.Release|x64.Build.0 = Release|Any CPU
		{BA0DAD27-2FD9-43B1-A9A4-83BE5CF87BB9}.Release|x86.ActiveCfg = Release|Any CPU
		{BA0DAD27-2FD9-43B1-A9A4-83BE5CF87BB9}.Release|x86.Build.0 = Release|Any CPU
	EndGlobalSection
	GlobalSection(NestedProjects) = preSolution
		{F92A20EC-364E-4F8D-A1D1-A3A1BB792EB6} = {4B1BAE03-BE33-4802-B588-7F416DD9A5F3}
		{3EDA0916-A4A4-4137-921A-2789C2CD97DB} = {0A821CB0-D67F-4EAD-95E0-AA2A73A20C52}
		{F044628A-F1AD-4713-8BB2-AAB85B885ABE} = {44058079-61E6-4508-942B-51D82230A27C}
		{E3F094C8-BD62-4966-99C6-48BD78D71956} = {BF5FEC23-99A9-44CF-8EEB-2C159B468034}
		{0CCBE288-D3F1-484E-98C5-8CC0CA6220E9} = {AA471B2A-E238-4C7B-B1FF-34FBCB41801A}
		{B582AF6D-37C4-4ADB-B57E-7173513CA938} = {AA471B2A-E238-4C7B-B1FF-34FBCB41801A}
		{AFCC27F1-68C7-424E-9833-B5C2F4A75A4A} = {AA471B2A-E238-4C7B-B1FF-34FBCB41801A}
		{1426129D-13B0-4F1B-B99C-6925F1647966} = {AA471B2A-E238-4C7B-B1FF-34FBCB41801A}
		{1AF13A67-701C-438D-823F-9CD234EBA7C4} = {AA471B2A-E238-4C7B-B1FF-34FBCB41801A}
		{B31306FE-3DE1-4218-9986-13E00BA6DA5A} = {AA471B2A-E238-4C7B-B1FF-34FBCB41801A}
		{BA0DAD27-2FD9-43B1-A9A4-83BE5CF87BB9} = {AA471B2A-E238-4C7B-B1FF-34FBCB41801A}
	EndGlobalSection
EndGlobal
